{
  "lockfileVersion": 1,
  "configVersion": 1,
  "workspaces": {
    "": {
      "name": "agentry",
      "devDependencies": {
        "@types/bun": "latest",
        "@types/react": "^19",
        "react": "19",
        "typescript": "^5",
      },
    },
    "packages/components": {
      "name": "@agentry/components",
      "version": "0.0.1",
      "dependencies": {
        "@agentry/core": "workspace:*",
        "@anthropic-ai/sdk": "^0.71.0",
      },
      "peerDependencies": {
        "react": "^19.0.0",
      },
    },
    "packages/core": {
      "name": "@agentry/core",
      "version": "0.0.1",
      "dependencies": {
        "@anthropic-ai/sdk": "^0.71.0",
        "eventemitter3": "^5.0.1",
        "react-reconciler": "^0.33.0",
        "scheduler": "^0.26.0",
        "zod": "^4.1.13",
      },
      "devDependencies": {
        "@types/react": "^19.2.7",
        "@types/react-reconciler": "^0.32.3",
        "@types/scheduler": "^0.26.0",
      },
      "peerDependencies": {
        "react": "^19.0.0",
      },
    },
    "packages/examples": {
      "name": "@agentry/examples",
      "version": "0.0.1",
      "dependencies": {
        "@agentry/runtime": "workspace:*",
        "zod": "^4.1.13",
      },
      "peerDependencies": {
        "react": "^19.0.0",
      },
    },
    "packages/runtime": {
      "name": "@agentry/runtime",
      "version": "0.0.1",
      "dependencies": {
        "@agentry/components": "workspace:*",
        "@agentry/core": "workspace:*",
        "@anthropic-ai/sdk": "^0.71.0",
        "eventemitter3": "^5.0.1",
        "scheduler": "^0.26.0",
        "zod": "^4.1.13",
      },
      "devDependencies": {
        "@types/react": "^19.2.7",
        "@types/scheduler": "^0.26.0",
      },
      "peerDependencies": {
        "react": "^19.0.0",
      },
    },
  },
  "packages": {
    "@agentry/components": ["@agentry/components@workspace:packages/components"],

    "@agentry/core": ["@agentry/core@workspace:packages/core"],

    "@agentry/examples": ["@agentry/examples@workspace:packages/examples"],

    "@agentry/runtime": ["@agentry/runtime@workspace:packages/runtime"],

    "@anthropic-ai/sdk": ["@anthropic-ai/sdk@0.71.0", "", { "dependencies": { "json-schema-to-ts": "^3.1.1" }, "peerDependencies": { "zod": "^3.25.0 || ^4.0.0" }, "optionalPeers": ["zod"], "bin": { "anthropic-ai-sdk": "bin/cli" } }, "sha512-go1XeWXmpxuiTkosSXpb8tokLk2ZLkIRcXpbWVwJM6gH5OBtHOVsfPfGuqI1oW7RRt4qc59EmYbrXRZ0Ng06Jw=="],

    "@babel/runtime": ["@babel/runtime@7.28.4", "", {}, "sha512-Q/N6JNWvIvPnLDvjlE1OUBLPQHH6l3CltCEsHIujp45zQUSSh8K+gHnaEX45yAT1nyngnINhvWtzN+Nb9D8RAQ=="],

    "@types/bun": ["@types/bun@1.3.3", "", { "dependencies": { "bun-types": "1.3.3" } }, "sha512-ogrKbJ2X5N0kWLLFKeytG0eHDleBYtngtlbu9cyBKFtNL3cnpDZkNdQj8flVf6WTZUX5ulI9AY1oa7ljhSrp+g=="],

    "@types/node": ["@types/node@24.10.1", "", { "dependencies": { "undici-types": "~7.16.0" } }, "sha512-GNWcUTRBgIRJD5zj+Tq0fKOJ5XZajIiBroOF0yvj2bSU1WvNdYS/dn9UxwsujGW4JX06dnHyjV2y9rRaybH0iQ=="],

    "@types/react": ["@types/react@19.2.7", "", { "dependencies": { "csstype": "^3.2.2" } }, "sha512-MWtvHrGZLFttgeEj28VXHxpmwYbor/ATPYbBfSFZEIRK0ecCFLl2Qo55z52Hss+UV9CRN7trSeq1zbgx7YDWWg=="],

    "@types/react-reconciler": ["@types/react-reconciler@0.32.3", "", { "peerDependencies": { "@types/react": "*" } }, "sha512-cMi5ZrLG7UtbL7LTK6hq9w/EZIRk4Mf1Z5qHoI+qBh7/WkYkFXQ7gOto2yfUvPzF5ERMAhaXS5eTQ2SAnHjLzA=="],

    "@types/scheduler": ["@types/scheduler@0.26.0", "", {}, "sha512-WFHp9YUJQ6CKshqoC37iOlHnQSmxNc795UhB26CyBBttrN9svdIrUjl/NjnNmfcwtncN0h/0PPAFWv9ovP8mLA=="],

    "bun-types": ["bun-types@1.3.3", "", { "dependencies": { "@types/node": "*" } }, "sha512-z3Xwlg7j2l9JY27x5Qn3Wlyos8YAp0kKRlrePAOjgjMGS5IG6E7Jnlx736vH9UVI4wUICwwhC9anYL++XeOgTQ=="],

    "csstype": ["csstype@3.2.3", "", {}, "sha512-z1HGKcYy2xA8AGQfwrn0PAy+PB7X/GSj3UVJW9qKyn43xWa+gl5nXmU4qqLMRzWVLFC8KusUX8T/0kCiOYpAIQ=="],

    "eventemitter3": ["eventemitter3@5.0.1", "", {}, "sha512-GWkBvjiSZK87ELrYOSESUYeVIc9mvLLf/nXalMOS5dYrgZq9o5OVkbZAVM06CVxYsCwH9BDZFPlQTlPA1j4ahA=="],

    "json-schema-to-ts": ["json-schema-to-ts@3.1.1", "", { "dependencies": { "@babel/runtime": "^7.18.3", "ts-algebra": "^2.0.0" } }, "sha512-+DWg8jCJG2TEnpy7kOm/7/AxaYoaRbjVB4LFZLySZlWn8exGs3A4OLJR966cVvU26N7X9TWxl+Jsw7dzAqKT6g=="],

    "react": ["react@19.2.0", "", {}, "sha512-tmbWg6W31tQLeB5cdIBOicJDJRR2KzXsV7uSK9iNfLWQ5bIZfxuPEHp7M8wiHyHnn0DD1i7w3Zmin0FtkrwoCQ=="],

    "react-reconciler": ["react-reconciler@0.33.0", "", { "dependencies": { "scheduler": "^0.27.0" }, "peerDependencies": { "react": "^19.2.0" } }, "sha512-KetWRytFv1epdpJc3J4G75I4WrplZE5jOL7Yq0p34+OVOKF4Se7WrdIdVC45XsSSmUTlht2FM/fM1FZb1mfQeA=="],

    "scheduler": ["scheduler@0.26.0", "", {}, "sha512-NlHwttCI/l5gCPR3D1nNXtWABUmBwvZpEQiD4IXSbIDq8BzLIK/7Ir5gTFSGZDUu37K5cMNp0hFtzO38sC7gWA=="],

    "ts-algebra": ["ts-algebra@2.0.0", "", {}, "sha512-FPAhNPFMrkwz76P7cdjdmiShwMynZYN6SgOujD1urY4oNm80Ou9oMdmbR45LotcKOXoy7wSmHkRFE6Mxbrhefw=="],

    "typescript": ["typescript@5.9.3", "", { "bin": { "tsc": "bin/tsc", "tsserver": "bin/tsserver" } }, "sha512-jl1vZzPDinLr9eUt3J/t7V6FgNEw9QjvBPdysz9KfQDD41fQrC2Y4vKQdiaUpFT4bXlb1RHhLpp8wtm6M5TgSw=="],

    "undici-types": ["undici-types@7.16.0", "", {}, "sha512-Zz+aZWSj8LE6zoxD+xrjh4VfkIG8Ya6LvYkZqtUQGJPZjYl53ypCaUwWqo7eI0x66KBGeRo+mlBEkMSeSZ38Nw=="],

    "zod": ["zod@4.1.13", "", {}, "sha512-AvvthqfqrAhNH9dnfmrfKzX5upOdjUVJYFqNSlkmGf64gRaTzlPwz99IHYnVs28qYAybvAlBV+H7pn0saFY4Ig=="],

    "react-reconciler/scheduler": ["scheduler@0.27.0", "", {}, "sha512-eNv+WrVbKu1f3vbYJT/xtiF5syA5HPIMtf9IgY/nKg0sWqzAUEvqY/xm7OcZc/qafLx/iO9FgOmeSAp4v5ti/Q=="],
  }
}
